lockfileVersion: 5.3

specifiers:
  '@antv/g6': ^4.5.1
  '@antv/hierarchy': ^0.6.8
  '@antv/layout': ^0.1.24
  '@types/node': ^17.0.4
  fs: ^0.0.1-security
  vite: ^2.7.6
  vitest: ^0.0.109

dependencies:
  '@antv/g6': 4.5.1
  '@antv/hierarchy': 0.6.8
  '@antv/layout': 0.1.24
  '@types/node': 17.0.4
  fs: 0.0.1-security

devDependencies:
  vite: 2.7.6
  vitest: 0.0.109_vite@2.7.6

packages:

  /@ant-design/colors/4.0.5:
    resolution: {integrity: sha512-3mnuX2prnWOWvpFTS2WH2LoouWlOgtnIpc6IarWN6GOzzLF8dW/U8UctuvIPhoboETehZfJ61XP+CGakBEPJ3Q==}
    dependencies:
      tinycolor2: 1.4.2
    dev: false

  /@antv/algorithm/0.1.17:
    resolution: {integrity: sha512-LFu/K6FAeu+bJa0Y7iEe3E/Zi11wm+gbbmaG3TsDIK64ScNgiF2OKz7/wBcqqafltgBjlY3rNe+hWACwurr2Sw==}
    dependencies:
      '@antv/util': 2.0.17
      tslib: 2.3.1
    dev: false

  /@antv/dom-util/2.0.3:
    resolution: {integrity: sha512-dUHsUT4U9X1T1/Y9bH3jRMe0MzvWJk2jSQm1vm3w9NX+Ra0ftq5VUBiGTNbthm3nFwG0fFFjip904rYjl50g4A==}
    dependencies:
      tslib: 2.3.1
    dev: false

  /@antv/event-emitter/0.1.2:
    resolution: {integrity: sha512-6C6NJOdoNVptCr5y9BVOhKkCgW7LFs/SpcRyAExUeSjAm0zJqcqNkSIRGsXYhj4PJI+CZICHzGwwiSnIsE68Ug==}
    dev: false

  /@antv/g-base/0.5.9:
    resolution: {integrity: sha512-IAzuCLRmz9cKCWUKR3cKWgLZ/6OQYpTCIOgxAP8Bc+HRw0mu8iC3OTz+tWKGv9L8unpvCvpQd1H+OTTjdg/TpQ==}
    dependencies:
      '@antv/event-emitter': 0.1.2
      '@antv/g-math': 0.1.7
      '@antv/matrix-util': 3.1.0-beta.3
      '@antv/path-util': 2.0.15
      '@antv/util': 2.0.17
      '@types/d3-timer': 2.0.1
      d3-ease: 1.0.7
      d3-interpolate: 1.4.0
      d3-timer: 1.0.10
      detect-browser: 5.3.0
      tslib: 2.3.1
    dev: false

  /@antv/g-canvas/0.5.12:
    resolution: {integrity: sha512-iJ/muwwqCCNONVlPIzv/7OL5iLguaKRj2BxNMytUO3TWwamM+kHkiyYEOkS0dPn9h/hBsHYlLUluSVz2Fp6/bw==}
    dependencies:
      '@antv/g-base': 0.5.9
      '@antv/g-math': 0.1.7
      '@antv/matrix-util': 3.1.0-beta.3
      '@antv/path-util': 2.0.15
      '@antv/util': 2.0.17
      gl-matrix: 3.4.3
      tslib: 2.3.1
    dev: false

  /@antv/g-math/0.1.7:
    resolution: {integrity: sha512-xGyXaloD1ynfp7gS4VuV+MjSptZIwHvLHr8ekXJSFAeWPYLu84yOW2wOZHDdp1bzDAIuRv6xDBW58YGHrWsFcA==}
    dependencies:
      '@antv/util': 2.0.17
      gl-matrix: 3.4.3
    dev: false

  /@antv/g-svg/0.5.6:
    resolution: {integrity: sha512-Xve1EUGk4HMbl2nq4ozR4QLh6GyoZ8Xw/+9kHYI4B5P2lIUQU95MuRsaLFfW5NNpZDx85ZeH97tqEmC9L96E7A==}
    dependencies:
      '@antv/g-base': 0.5.9
      '@antv/g-math': 0.1.7
      '@antv/util': 2.0.17
      detect-browser: 5.3.0
      tslib: 2.3.1
    dev: false

  /@antv/g-webgpu-core/0.5.6:
    resolution: {integrity: sha512-DPiH3GkAUiT0Q+LAKeImpI+IOQ/gP2w6HstYKivpFIpBPIvZ/9equM3icVrn1iDfDkZANVXQ1PppcO3xBv1ZTw==}
    dependencies:
      eventemitter3: 4.0.7
      gl-matrix: 3.4.3
      inversify: 5.1.1
      inversify-inject-decorators: 3.1.0
      probe.gl: 3.5.0
      reflect-metadata: 0.1.13
    dev: false

  /@antv/g-webgpu-engine/0.5.6:
    resolution: {integrity: sha512-D311qYUefdEFwLayutIHqucrAY3cAGH3BdnXS37nq+0nsglrHcNP0Ab1YTinn9RihLoY3yXFTLzrYkJHJbZXDg==}
    dependencies:
      '@antv/g-webgpu-core': 0.5.6
      '@webgpu/glslang': 0.0.15
      '@webgpu/types': 0.0.31
      gl-matrix: 3.4.3
      hammerjs: 2.0.8
      inversify: 5.1.1
      inversify-inject-decorators: 3.1.0
      probe.gl: 3.5.0
      reflect-metadata: 0.1.13
      regl: 1.7.0
    dev: false

  /@antv/g-webgpu/0.5.5:
    resolution: {integrity: sha512-TxtBniINFq1jFGEPo46xjJfrbJbUqkFd5wmsRs3tcg/7J7xoldOP1kEadpI3AJG9knMYdE92VpILw1VPd6DgzQ==}
    dependencies:
      '@antv/g-webgpu-core': 0.5.6
      '@antv/g-webgpu-engine': 0.5.6
      '@webgpu/types': 0.0.31
      gl-matrix: 3.4.3
      gl-vec2: 1.3.0
      hammerjs: 2.0.8
      inversify: 5.1.1
      inversify-inject-decorators: 3.1.0
      polyline-miter-util: 1.0.1
      polyline-normals: 2.0.2
      probe.gl: 3.5.0
      reflect-metadata: 0.1.13
    dev: false

  /@antv/g6-core/0.5.1:
    resolution: {integrity: sha512-OPvUytoPkb9RR9+xpBzaMkMb1vPKw9/9pumx0xe0Dw14LA85pRepkfOJqmbAUSZDXvi9YVOAK7CkuSXkgioYFw==}
    dependencies:
      '@antv/algorithm': 0.1.17
      '@antv/dom-util': 2.0.3
      '@antv/event-emitter': 0.1.2
      '@antv/g-base': 0.5.9
      '@antv/g-math': 0.1.7
      '@antv/matrix-util': 3.1.0-beta.3
      '@antv/path-util': 2.0.15
      '@antv/util': 2.0.17
      ml-matrix: 6.8.2
      tslib: 2.3.1
    dev: false

  /@antv/g6-element/0.5.1:
    resolution: {integrity: sha512-ohCzA1s1QQRiat9Bdn206z/KR3uLugtlepYWFx+kSaMeRqJsRWOptb5pbTtb70kzOTvfIFrFc36t8YNBKqQyKg==}
    dependencies:
      '@antv/g-base': 0.5.9
      '@antv/g6-core': 0.5.1
      '@antv/util': 2.0.17
    dev: false

  /@antv/g6-pc/0.5.1:
    resolution: {integrity: sha512-StwDDjvYSUlx61qquQs96qLaSDZlNx7HJ/NQeOZx99RRe4DFx0jLDzwCbQzoz5iV5K1RgAE8Jft423BYqTzWuQ==}
    dependencies:
      '@ant-design/colors': 4.0.5
      '@antv/algorithm': 0.1.17
      '@antv/dom-util': 2.0.3
      '@antv/event-emitter': 0.1.2
      '@antv/g-base': 0.5.9
      '@antv/g-canvas': 0.5.12
      '@antv/g-math': 0.1.7
      '@antv/g-svg': 0.5.6
      '@antv/g6-core': 0.5.1
      '@antv/g6-element': 0.5.1
      '@antv/g6-plugin': 0.5.1
      '@antv/hierarchy': 0.6.8
      '@antv/layout': 0.1.24
      '@antv/matrix-util': 3.1.0-beta.3
      '@antv/path-util': 2.0.15
      '@antv/util': 2.0.17
      color: 3.2.1
      d3-force: 2.1.1
      dagre: 0.8.5
      insert-css: 2.0.0
      ml-matrix: 6.8.2
    dev: false

  /@antv/g6-plugin/0.5.1:
    resolution: {integrity: sha512-37sPqc4rkqO/8OFGX3LhgDQlaWKV4NYkAB8e5rH6QXsSuNAZoU5B5PGjcCHkx5mG4UPdLVFgUUU3rLoCOmEHHQ==}
    dependencies:
      '@antv/dom-util': 2.0.3
      '@antv/g-base': 0.5.9
      '@antv/g-canvas': 0.5.12
      '@antv/g-svg': 0.5.6
      '@antv/g6-core': 0.5.1
      '@antv/matrix-util': 3.1.0-beta.3
      '@antv/scale': 0.3.14
      '@antv/util': 2.0.17
      insert-css: 2.0.0
    dev: false

  /@antv/g6/4.5.1:
    resolution: {integrity: sha512-ZI7V5cQFhiG0QcPpDonkTk07viAa5wZe98EJIOeQiS58vmc7LBCeCt3Vbgqtxh0k7Oo7yhpb1IoLALVxJLxT3g==}
    dependencies:
      '@antv/g6-pc': 0.5.1
    dev: false

  /@antv/hierarchy/0.6.8:
    resolution: {integrity: sha512-wVzUl+pxny5gyGJ2mkWx8IiEypX6bnMHgr/NILgbxY6shoy0Vf4FhZpI3CY8Ez7bQT6js8fMkB2NymPW7d7i8A==}
    dependencies:
      '@antv/util': 2.0.17
    dev: false

  /@antv/layout/0.1.24:
    resolution: {integrity: sha512-Uihq18tFMZZ8iFwYIX2+3nZtn1FK3sI/bxxQ4ChzOFPNXc70pmAVCh/8DTxmforSbq6iuvBRnpuyXWiF2c/jEg==}
    dependencies:
      '@antv/g-webgpu': 0.5.5
      '@dagrejs/graphlib': 2.1.4
      d3-force: 2.1.1
      ml-matrix: 6.8.2
    dev: false

  /@antv/matrix-util/3.0.4:
    resolution: {integrity: sha512-BAPyu6dUliHcQ7fm9hZSGKqkwcjEDVLVAstlHULLvcMZvANHeLXgHEgV7JqcAV/GIhIz8aZChIlzM1ZboiXpYQ==}
    dependencies:
      '@antv/util': 2.0.17
      gl-matrix: 3.4.3
      tslib: 2.3.1
    dev: false

  /@antv/matrix-util/3.1.0-beta.3:
    resolution: {integrity: sha512-W2R6Za3A6CmG51Y/4jZUM/tFgYSq7vTqJL1VD9dKrvwxS4sE0ZcXINtkp55CdyBwJ6Cwm8pfoRpnD4FnHahN0A==}
    dependencies:
      '@antv/util': 2.0.17
      gl-matrix: 3.4.3
      tslib: 2.3.1
    dev: false

  /@antv/path-util/2.0.15:
    resolution: {integrity: sha512-R2VLZ5C8PLPtr3VciNyxtjKqJ0XlANzpFb5sE9GE61UQqSRuSVSzIakMxjEPrpqbgc+s+y8i+fmc89Snu7qbNw==}
    dependencies:
      '@antv/matrix-util': 3.0.4
      '@antv/util': 2.0.17
      tslib: 2.3.1
    dev: false

  /@antv/scale/0.3.14:
    resolution: {integrity: sha512-G19Mh9VYPX/Z5PXKJrORIYCjrA+Fmko6ZB4HN6Y8K0T9FeKaSJq+idIe7AUJhIIXDCrFk4LzW+t908NsORqxPg==}
    dependencies:
      '@antv/util': 2.0.17
      fecha: 4.2.1
      tslib: 2.3.1
    dev: false

  /@antv/util/2.0.17:
    resolution: {integrity: sha512-o6I9hi5CIUvLGDhth0RxNSFDRwXeywmt6ExR4+RmVAzIi48ps6HUy+svxOCayvrPBN37uE6TAc2KDofRo0nK9Q==}
    dependencies:
      csstype: 3.0.10
      tslib: 2.3.1
    dev: false

  /@babel/runtime/7.16.5:
    resolution: {integrity: sha512-TXWihFIS3Pyv5hzR7j6ihmeLkZfrXGxAr5UfSl8CHf+6q/wpiYDkUau0czckpYG8QmnCIuPpdLtuA9VmuGGyMA==}
    engines: {node: '>=6.9.0'}
    dependencies:
      regenerator-runtime: 0.13.9
    dev: false

  /@dagrejs/graphlib/2.1.4:
    resolution: {integrity: sha512-QCg9sL4uhjn468FDEsb/S9hS2xUZSrv/+dApb1Ze5VKO96pTXKNJZ6MGhIpgWkc1TVhbVGH9/7rq/Mf8/jWicw==}
    dependencies:
      lodash: 4.17.21
    dev: false

  /@probe.gl/env/3.5.0:
    resolution: {integrity: sha512-YdlpZZshhyYxvWDBmZ5RIW2pTR14Pw4p9czMlt/v7F6HbFzWfAdmH7q6xVwFRYxUpQLwhWensWyv4aFysiWl4g==}
    dependencies:
      '@babel/runtime': 7.16.5
    dev: false

  /@probe.gl/log/3.5.0:
    resolution: {integrity: sha512-nW/qz2X1xY08WU/TsmJP6/6IPNcaY5fS/vLjpC4ahJuE2Mezga4hGM/R2X5JWE/nkPc+BsC5GnAnD13rwAxS7g==}
    dependencies:
      '@babel/runtime': 7.16.5
      '@probe.gl/env': 3.5.0
    dev: false

  /@probe.gl/stats/3.5.0:
    resolution: {integrity: sha512-IH2M+F3c8HR1DTroBARePUFG7wIewumtKA0UFqx51Z7S4hKrD60wFbpMmg0AcF4FvHAXMBoC+kYi1UKW9XbAOw==}
    dependencies:
      '@babel/runtime': 7.16.5
    dev: false

  /@types/chai-subset/1.3.3:
    resolution: {integrity: sha512-frBecisrNGz+F4T6bcc+NLeolfiojh5FxW2klu669+8BARtyQv2C/GkNW6FUodVe4BroGMP/wER/YDGc7rEllw==}
    dependencies:
      '@types/chai': 4.3.0
    dev: true

  /@types/chai/4.3.0:
    resolution: {integrity: sha512-/ceqdqeRraGolFTcfoXNiqjyQhZzbINDngeoAq9GoHa8PPK1yNzTaxWjA6BFWp5Ua9JpXEMSS4s5i9tS0hOJtw==}
    dev: true

  /@types/d3-timer/2.0.1:
    resolution: {integrity: sha512-TF8aoF5cHcLO7W7403blM7L1T+6NF3XMyN3fxyUolq2uOcFeicG/khQg/dGxiCJWoAcmYulYN7LYSRKO54IXaA==}
    dev: false

  /@types/node/17.0.4:
    resolution: {integrity: sha512-6xwbrW4JJiJLgF+zNypN5wr2ykM9/jHcL7rQ8fZe2vuftggjzZeRSM4OwRc6Xk8qWjwJ99qVHo/JgOGmomWRog==}
    dev: false

  /@webgpu/glslang/0.0.15:
    resolution: {integrity: sha512-niT+Prh3Aff8Uf1MVBVUsaNjFj9rJAKDXuoHIKiQbB+6IUP/3J3JIhBNyZ7lDhytvXxw6ppgnwKZdDJ08UMj4Q==}
    dev: false

  /@webgpu/types/0.0.31:
    resolution: {integrity: sha512-cvvCMSZBT4VsRNtt0lI6XQqvOIIWw6+NRUtnPUMDVDgsI4pCZColz3qzF5QcP9wIYOHEc3jssIBse8UWONKhlQ==}
    dev: false

  /assertion-error/1.1.0:
    resolution: {integrity: sha512-jgsaNduz+ndvGyFt3uSuWqvy4lCnIJiovtouQN5JZHOKCS2QuhEdbcQHFhVksz2N2U9hXJo8odG7ETyWlEeuDw==}
    dev: true

  /builtins/4.0.0:
    resolution: {integrity: sha512-qC0E2Dxgou1IHhvJSLwGDSTvokbRovU5zZFuDY6oY8Y2lF3nGt5Ad8YZK7GMtqzY84Wu7pXTPeHQeHcXSXsRhw==}
    dependencies:
      semver: 7.3.5
    dev: true

  /chai/4.3.4:
    resolution: {integrity: sha512-yS5H68VYOCtN1cjfwumDSuzn/9c+yza4f3reKXlE5rUg7SFcCEy90gJvydNgOYtblyf4Zi6jIWRnXOgErta0KA==}
    engines: {node: '>=4'}
    dependencies:
      assertion-error: 1.1.0
      check-error: 1.0.2
      deep-eql: 3.0.1
      get-func-name: 2.0.0
      pathval: 1.1.1
      type-detect: 4.0.8
    dev: true

  /check-error/1.0.2:
    resolution: {integrity: sha1-V00xLt2Iu13YkS6Sht1sCu1KrII=}
    dev: true

  /color-convert/1.9.3:
    resolution: {integrity: sha512-QfAUtd+vFdAtFQcC8CCyYt1fYWxSqAiK2cSD6zDB8N3cpsEBAvRxp9zOGg6G/SHHJYAT88/az/IuDGALsNVbGg==}
    dependencies:
      color-name: 1.1.3
    dev: false

  /color-name/1.1.3:
    resolution: {integrity: sha1-p9BVi9icQveV3UIyj3QIMcpTvCU=}
    dev: false

  /color-name/1.1.4:
    resolution: {integrity: sha512-dOy+3AuW3a2wNbZHIuMZpTcgjGuLU/uBL/ubcZF9OXbDo8ff4O8yVp5Bf0efS8uEoYo5q4Fx7dY9OgQGXgAsQA==}
    dev: false

  /color-string/1.9.0:
    resolution: {integrity: sha512-9Mrz2AQLefkH1UvASKj6v6hj/7eWgjnT/cVsR8CumieLoT+g900exWeNogqtweI8dxloXN9BDQTYro1oWu/5CQ==}
    dependencies:
      color-name: 1.1.4
      simple-swizzle: 0.2.2
    dev: false

  /color/3.2.1:
    resolution: {integrity: sha512-aBl7dZI9ENN6fUGC7mWpMTPNHmWUSNan9tuWN6ahh5ZLNk9baLJOnSMlrQkHcrfFgz2/RigjUVAjdx36VcemKA==}
    dependencies:
      color-convert: 1.9.3
      color-string: 1.9.0
    dev: false

  /csstype/3.0.10:
    resolution: {integrity: sha512-2u44ZG2OcNUO9HDp/Jl8C07x6pU/eTR3ncV91SiK3dhG9TWvRVsCoJw14Ckx5DgWkzGA3waZWO3d7pgqpUI/XA==}
    dev: false

  /d3-color/1.4.1:
    resolution: {integrity: sha512-p2sTHSLCJI2QKunbGb7ocOh7DgTAn8IrLx21QRc/BSnodXM4sv6aLQlnfpvehFMLZEfBc6g9pH9SWQccFYfJ9Q==}
    dev: false

  /d3-dispatch/2.0.0:
    resolution: {integrity: sha512-S/m2VsXI7gAti2pBoLClFFTMOO1HTtT0j99AuXLoGFKO6deHDdnv6ZGTxSTTUTgO1zVcv82fCOtDjYK4EECmWA==}
    dev: false

  /d3-ease/1.0.7:
    resolution: {integrity: sha512-lx14ZPYkhNx0s/2HX5sLFUI3mbasHjSSpwO/KaaNACweVwxUruKyWVcb293wMv1RqTPZyZ8kSZ2NogUZNcLOFQ==}
    dev: false

  /d3-force/2.1.1:
    resolution: {integrity: sha512-nAuHEzBqMvpFVMf9OX75d00OxvOXdxY+xECIXjW6Gv8BRrXu6gAWbv/9XKrvfJ5i5DCokDW7RYE50LRoK092ew==}
    dependencies:
      d3-dispatch: 2.0.0
      d3-quadtree: 2.0.0
      d3-timer: 2.0.0
    dev: false

  /d3-interpolate/1.4.0:
    resolution: {integrity: sha512-V9znK0zc3jOPV4VD2zZn0sDhZU3WAE2bmlxdIwwQPPzPjvyLkd8B3JUVdS1IDUFDkWZ72c9qnv1GK2ZagTZ8EA==}
    dependencies:
      d3-color: 1.4.1
    dev: false

  /d3-quadtree/2.0.0:
    resolution: {integrity: sha512-b0Ed2t1UUalJpc3qXzKi+cPGxeXRr4KU9YSlocN74aTzp6R/Ud43t79yLLqxHRWZfsvWXmbDWPpoENK1K539xw==}
    dev: false

  /d3-timer/1.0.10:
    resolution: {integrity: sha512-B1JDm0XDaQC+uvo4DT79H0XmBskgS3l6Ve+1SBCfxgmtIb1AVrPIoqd+nPSv+loMX8szQ0sVUhGngL7D5QPiXw==}
    dev: false

  /d3-timer/2.0.0:
    resolution: {integrity: sha512-TO4VLh0/420Y/9dO3+f9abDEFYeCUr2WZRlxJvbp4HPTQcSylXNiL6yZa9FIUvV1yRiFufl1bszTCLDqv9PWNA==}
    dev: false

  /dagre/0.8.5:
    resolution: {integrity: sha512-/aTqmnRta7x7MCCpExk7HQL2O4owCT2h8NT//9I1OQ9vt29Pa0BzSAkR5lwFUcQ7491yVi/3CXU9jQ5o0Mn2Sw==}
    dependencies:
      graphlib: 2.1.8
      lodash: 4.17.21
    dev: false

  /deep-eql/3.0.1:
    resolution: {integrity: sha512-+QeIQyN5ZuO+3Uk5DYh6/1eKO0m0YmJFGNmFHGACpf1ClL1nmlV/p4gNgbl2pJGxgXb4faqo6UE+M5ACEMyVcw==}
    engines: {node: '>=0.12'}
    dependencies:
      type-detect: 4.0.8
    dev: true

  /detect-browser/5.3.0:
    resolution: {integrity: sha512-53rsFbGdwMwlF7qvCt0ypLM5V5/Mbl0szB7GPN8y9NCcbknYOeVVXdrXEq+90IwAfrrzt6Hd+u2E2ntakICU8w==}
    dev: false

  /esbuild-android-arm64/0.13.15:
    resolution: {integrity: sha512-m602nft/XXeO8YQPUDVoHfjyRVPdPgjyyXOxZ44MK/agewFFkPa8tUo6lAzSWh5Ui5PB4KR9UIFTSBKh/RrCmg==}
    cpu: [arm64]
    os: [android]
    requiresBuild: true
    dev: true
    optional: true

  /esbuild-darwin-64/0.13.15:
    resolution: {integrity: sha512-ihOQRGs2yyp7t5bArCwnvn2Atr6X4axqPpEdCFPVp7iUj4cVSdisgvEKdNR7yH3JDjW6aQDw40iQFoTqejqxvQ==}
    cpu: [x64]
    os: [darwin]
    requiresBuild: true
    dev: true
    optional: true

  /esbuild-darwin-arm64/0.13.15:
    resolution: {integrity: sha512-i1FZssTVxUqNlJ6cBTj5YQj4imWy3m49RZRnHhLpefFIh0To05ow9DTrXROTE1urGTQCloFUXTX8QfGJy1P8dQ==}
    cpu: [arm64]
    os: [darwin]
    requiresBuild: true
    dev: true
    optional: true

  /esbuild-freebsd-64/0.13.15:
    resolution: {integrity: sha512-G3dLBXUI6lC6Z09/x+WtXBXbOYQZ0E8TDBqvn7aMaOCzryJs8LyVXKY4CPnHFXZAbSwkCbqiPuSQ1+HhrNk7EA==}
    cpu: [x64]
    os: [freebsd]
    requiresBuild: true
    dev: true
    optional: true

  /esbuild-freebsd-arm64/0.13.15:
    resolution: {integrity: sha512-KJx0fzEDf1uhNOZQStV4ujg30WlnwqUASaGSFPhznLM/bbheu9HhqZ6mJJZM32lkyfGJikw0jg7v3S0oAvtvQQ==}
    cpu: [arm64]
    os: [freebsd]
    requiresBuild: true
    dev: true
    optional: true

  /esbuild-linux-32/0.13.15:
    resolution: {integrity: sha512-ZvTBPk0YWCLMCXiFmD5EUtB30zIPvC5Itxz0mdTu/xZBbbHJftQgLWY49wEPSn2T/TxahYCRDWun5smRa0Tu+g==}
    cpu: [ia32]
    os: [linux]
    requiresBuild: true
    dev: true
    optional: true

  /esbuild-linux-64/0.13.15:
    resolution: {integrity: sha512-eCKzkNSLywNeQTRBxJRQ0jxRCl2YWdMB3+PkWFo2BBQYC5mISLIVIjThNtn6HUNqua1pnvgP5xX0nHbZbPj5oA==}
    cpu: [x64]
    os: [linux]
    requiresBuild: true
    dev: true
    optional: true

  /esbuild-linux-arm/0.13.15:
    resolution: {integrity: sha512-wUHttDi/ol0tD8ZgUMDH8Ef7IbDX+/UsWJOXaAyTdkT7Yy9ZBqPg8bgB/Dn3CZ9SBpNieozrPRHm0BGww7W/jA==}
    cpu: [arm]
    os: [linux]
    requiresBuild: true
    dev: true
    optional: true

  /esbuild-linux-arm64/0.13.15:
    resolution: {integrity: sha512-bYpuUlN6qYU9slzr/ltyLTR9YTBS7qUDymO8SV7kjeNext61OdmqFAzuVZom+OLW1HPHseBfJ/JfdSlx8oTUoA==}
    cpu: [arm64]
    os: [linux]
    requiresBuild: true
    dev: true
    optional: true

  /esbuild-linux-mips64le/0.13.15:
    resolution: {integrity: sha512-KlVjIG828uFPyJkO/8gKwy9RbXhCEUeFsCGOJBepUlpa7G8/SeZgncUEz/tOOUJTcWMTmFMtdd3GElGyAtbSWg==}
    cpu: [mips64el]
    os: [linux]
    requiresBuild: true
    dev: true
    optional: true

  /esbuild-linux-ppc64le/0.13.15:
    resolution: {integrity: sha512-h6gYF+OsaqEuBjeesTBtUPw0bmiDu7eAeuc2OEH9S6mV9/jPhPdhOWzdeshb0BskRZxPhxPOjqZ+/OqLcxQwEQ==}
    cpu: [ppc64]
    os: [linux]
    requiresBuild: true
    dev: true
    optional: true

  /esbuild-netbsd-64/0.13.15:
    resolution: {integrity: sha512-3+yE9emwoevLMyvu+iR3rsa+Xwhie7ZEHMGDQ6dkqP/ndFzRHkobHUKTe+NCApSqG5ce2z4rFu+NX/UHnxlh3w==}
    cpu: [x64]
    os: [netbsd]
    requiresBuild: true
    dev: true
    optional: true

  /esbuild-openbsd-64/0.13.15:
    resolution: {integrity: sha512-wTfvtwYJYAFL1fSs8yHIdf5GEE4NkbtbXtjLWjM3Cw8mmQKqsg8kTiqJ9NJQe5NX/5Qlo7Xd9r1yKMMkHllp5g==}
    cpu: [x64]
    os: [openbsd]
    requiresBuild: true
    dev: true
    optional: true

  /esbuild-sunos-64/0.13.15:
    resolution: {integrity: sha512-lbivT9Bx3t1iWWrSnGyBP9ODriEvWDRiweAs69vI+miJoeKwHWOComSRukttbuzjZ8r1q0mQJ8Z7yUsDJ3hKdw==}
    cpu: [x64]
    os: [sunos]
    requiresBuild: true
    dev: true
    optional: true

  /esbuild-windows-32/0.13.15:
    resolution: {integrity: sha512-fDMEf2g3SsJ599MBr50cY5ve5lP1wyVwTe6aLJsM01KtxyKkB4UT+fc5MXQFn3RLrAIAZOG+tHC+yXObpSn7Nw==}
    cpu: [ia32]
    os: [win32]
    requiresBuild: true
    dev: true
    optional: true

  /esbuild-windows-64/0.13.15:
    resolution: {integrity: sha512-9aMsPRGDWCd3bGjUIKG/ZOJPKsiztlxl/Q3C1XDswO6eNX/Jtwu4M+jb6YDH9hRSUflQWX0XKAfWzgy5Wk54JQ==}
    cpu: [x64]
    os: [win32]
    requiresBuild: true
    dev: true
    optional: true

  /esbuild-windows-arm64/0.13.15:
    resolution: {integrity: sha512-zzvyCVVpbwQQATaf3IG8mu1IwGEiDxKkYUdA4FpoCHi1KtPa13jeScYDjlW0Qh+ebWzpKfR2ZwvqAQkSWNcKjA==}
    cpu: [arm64]
    os: [win32]
    requiresBuild: true
    dev: true
    optional: true

  /esbuild/0.13.15:
    resolution: {integrity: sha512-raCxt02HBKv8RJxE8vkTSCXGIyKHdEdGfUmiYb8wnabnaEmHzyW7DCHb5tEN0xU8ryqg5xw54mcwnYkC4x3AIw==}
    hasBin: true
    requiresBuild: true
    optionalDependencies:
      esbuild-android-arm64: 0.13.15
      esbuild-darwin-64: 0.13.15
      esbuild-darwin-arm64: 0.13.15
      esbuild-freebsd-64: 0.13.15
      esbuild-freebsd-arm64: 0.13.15
      esbuild-linux-32: 0.13.15
      esbuild-linux-64: 0.13.15
      esbuild-linux-arm: 0.13.15
      esbuild-linux-arm64: 0.13.15
      esbuild-linux-mips64le: 0.13.15
      esbuild-linux-ppc64le: 0.13.15
      esbuild-netbsd-64: 0.13.15
      esbuild-openbsd-64: 0.13.15
      esbuild-sunos-64: 0.13.15
      esbuild-windows-32: 0.13.15
      esbuild-windows-64: 0.13.15
      esbuild-windows-arm64: 0.13.15
    dev: true

  /eventemitter3/4.0.7:
    resolution: {integrity: sha512-8guHBZCwKnFhYdHr2ysuRWErTwhoN2X8XELRlrRwpmfeY2jjuUN4taQMsULKUVo1K4DvZl+0pgfyoysHxvmvEw==}
    dev: false

  /fecha/4.2.1:
    resolution: {integrity: sha512-MMMQ0ludy/nBs1/o0zVOiKTpG7qMbonKUzjJgQFEuvq6INZ1OraKPRAWkBq5vlKLOUMpmNYG1JoN3oDPUQ9m3Q==}
    dev: false

  /fs/0.0.1-security:
    resolution: {integrity: sha1-invTcYa23d84E/I4WLV+yq9eQdQ=}
    dev: false

  /fsevents/2.3.2:
    resolution: {integrity: sha512-xiqMQR4xAeHTuB9uWm+fFRcIOgKBMiOBP+eXiyT7jsgVCq1bkVygt00oASowB7EdtpOHaaPgKt812P9ab+DDKA==}
    engines: {node: ^8.16.0 || ^10.6.0 || >=11.0.0}
    os: [darwin]
    requiresBuild: true
    dev: true
    optional: true

  /function-bind/1.1.1:
    resolution: {integrity: sha512-yIovAzMX49sF8Yl58fSCWJ5svSLuaibPxXQJFLmBObTuCr0Mf1KiPopGM9NiFjiYBCbfaa2Fh6breQ6ANVTI0A==}
    dev: true

  /get-func-name/2.0.0:
    resolution: {integrity: sha1-6td0q+5y4gQJQzoGY2YCPdaIekE=}
    dev: true

  /gl-matrix/3.4.3:
    resolution: {integrity: sha512-wcCp8vu8FT22BnvKVPjXa/ICBWRq/zjFfdofZy1WSpQZpphblv12/bOQLBC1rMM7SGOFS9ltVmKOHil5+Ml7gA==}
    dev: false

  /gl-vec2/1.3.0:
    resolution: {integrity: sha512-YiqaAuNsheWmUV0Sa8k94kBB0D6RWjwZztyO+trEYS8KzJ6OQB/4686gdrf59wld4hHFIvaxynO3nRxpk1Ij/A==}
    dev: false

  /graphlib/2.1.8:
    resolution: {integrity: sha512-jcLLfkpoVGmH7/InMC/1hIvOPSUh38oJtGhvrOFGzioE1DZ+0YW16RgmOJhHiuWTvGiJQ9Z1Ik43JvkRPRvE+A==}
    dependencies:
      lodash: 4.17.21
    dev: false

  /hammerjs/2.0.8:
    resolution: {integrity: sha1-BO93hiz/K7edMPdpIJWTAiK/YPE=}
    engines: {node: '>=0.8.0'}
    dev: false

  /has/1.0.3:
    resolution: {integrity: sha512-f2dvO0VU6Oej7RkWJGrehjbzMAjFp5/VKPp5tTpWIV4JHHZK1/BxbFRtf/siA2SWTe09caDmVtYYzWEIbBS4zw==}
    engines: {node: '>= 0.4.0'}
    dependencies:
      function-bind: 1.1.1
    dev: true

  /import-meta-resolve/1.1.1:
    resolution: {integrity: sha512-JiTuIvVyPaUg11eTrNDx5bgQ/yMKMZffc7YSjvQeSMXy58DO2SQ8BtAf3xteZvmzvjYh14wnqNjL8XVeDy2o9A==}
    dependencies:
      builtins: 4.0.0
    dev: true

  /insert-css/2.0.0:
    resolution: {integrity: sha1-610Ql7dUL0x56jBg067gfQU4gPQ=}
    dev: false

  /inversify-inject-decorators/3.1.0:
    resolution: {integrity: sha512-/seBlVp5bXrLQS3DpKEmlgeZL6C7Tf/QITd+IMQrbBBGuCbxb7k3hRAWu9XSreNpFzLgSboz3sClLSEmGwHphw==}
    dev: false

  /inversify/5.1.1:
    resolution: {integrity: sha512-j8grHGDzv1v+8T1sAQ+3boTCntFPfvxLCkNcxB1J8qA0lUN+fAlSyYd+RXKvaPRL4AGyPxViutBEJHNXOyUdFQ==}
    dev: false

  /is-any-array/1.0.1:
    resolution: {integrity: sha512-m+FSiaONxBt2W0h9XOUngMBu/WW8uzAKbSk4Ty2aeCcQJ+muBqENexvxUHtDpX65fk5AMCROxqgNX0sSAHstcw==}
    dev: false

  /is-arrayish/0.3.2:
    resolution: {integrity: sha512-eVRqCvVlZbuw3GrM63ovNSNAeA1K16kaR/LRY/92w0zxQ5/1YzwblUX652i4Xs9RwAGjW9d9y6X88t8OaAJfWQ==}
    dev: false

  /is-core-module/2.8.0:
    resolution: {integrity: sha512-vd15qHsaqrRL7dtH6QNuy0ndJmRDrS9HAM1CAiSifNUFv4x1a0CCVsj18hJ1mShxIG6T2i1sO78MkP56r0nYRw==}
    dependencies:
      has: 1.0.3
    dev: true

  /local-pkg/0.4.0:
    resolution: {integrity: sha512-2XBWjO/v63JeR1HPzLJxdTVRQDB84Av2p2KtBA5ahvpyLUPubcAU6iXlAJrONcY7aSqgJhXxElAnKtnYsRolPQ==}
    engines: {node: '>=14'}
    dependencies:
      mlly: 0.2.10
    dev: true

  /lodash/4.17.21:
    resolution: {integrity: sha512-v2kDEe57lecTulaDIuNTPy3Ry4gLGJ6Z1O3vE1krgXZNrsQ+LFTGHVxVjcXPs17LhbZVGedAJv8XZ1tvj5FvSg==}
    dev: false

  /lru-cache/6.0.0:
    resolution: {integrity: sha512-Jo6dJ04CmSjuznwJSS3pUeWmd/H0ffTlkXXgwZi+eq1UCmqQwCh+eLsYOYCwY991i2Fah4h1BEMCx4qThGbsiA==}
    engines: {node: '>=10'}
    dependencies:
      yallist: 4.0.0
    dev: true

  /ml-array-max/1.2.3:
    resolution: {integrity: sha512-49YwnLlAf4/E/VyezUz+SNfSBhPE8JTahxRPuyM9S9Uv+ft5x0C8A4trtkDgrttMxoxbhudTA1yg8zgJZaYtpA==}
    dependencies:
      is-any-array: 1.0.1
    dev: false

  /ml-array-min/1.2.2:
    resolution: {integrity: sha512-yidQcOHFaGEuVr6FcwAn+QvKXJv1Lxel5fyKrO+aXGJGp97Mt+p8r21WYtikS/PTVbxdSrliQ0UK4wSHYHHgzQ==}
    dependencies:
      is-any-array: 1.0.1
    dev: false

  /ml-array-rescale/1.3.6:
    resolution: {integrity: sha512-Lzj45T6hvHNdht924JQhHzInIK+ilC55zn98uraZUvLBkOWOJGOztEkRM0xyzAjWvVuhpszLADOnoVwfBSnj8w==}
    dependencies:
      is-any-array: 1.0.1
      ml-array-max: 1.2.3
      ml-array-min: 1.2.2
    dev: false

  /ml-matrix/6.8.2:
    resolution: {integrity: sha512-5o2gVLFyieDSgsStEU5mqty4MZqfeytYA/gJqBSw5/Xuob0X2UrFX/k7FDh+YAwjzG/1l8nYa0oDaJ0sGs/RlA==}
    dependencies:
      ml-array-rescale: 1.3.6
    dev: false

  /mlly/0.2.10:
    resolution: {integrity: sha512-xfyW6c2QBGArtctzNnTV5leOKX8nOMz2simeubtXofdsdSJFSNw+Ncvrs8kxcN3pBrQLXuYBHNFV6NgZ5Ryf4A==}
    dependencies:
      import-meta-resolve: 1.1.1
    dev: true

  /nanoid/3.1.30:
    resolution: {integrity: sha512-zJpuPDwOv8D2zq2WRoMe1HsfZthVewpel9CAvTfc/2mBD1uUT/agc5f7GHGWXlYkFvi1mVxe4IjvP2HNrop7nQ==}
    engines: {node: ^10 || ^12 || ^13.7 || ^14 || >=15.0.1}
    hasBin: true
    dev: true

  /path-parse/1.0.7:
    resolution: {integrity: sha512-LDJzPVEEEPR+y48z93A0Ed0yXb8pAByGWo/k5YYdYgpY2/2EsOsksJrq7lOHxryrVOn1ejG6oAp8ahvOIQD8sw==}
    dev: true

  /pathval/1.1.1:
    resolution: {integrity: sha512-Dp6zGqpTdETdR63lehJYPeIOqpiNBNtc7BpWSLrOje7UaIsE5aY92r/AunQA7rsXvet3lrJ3JnZX29UPTKXyKQ==}
    dev: true

  /picocolors/1.0.0:
    resolution: {integrity: sha512-1fygroTLlHu66zi26VoTDv8yRgm0Fccecssto+MhsZ0D/DGW2sm8E8AjW7NU5VVTRt5GxbeZ5qBuJr+HyLYkjQ==}
    dev: true

  /polyline-miter-util/1.0.1:
    resolution: {integrity: sha1-tpPyOJ6g3tNqa89ezS7OS2kX2Vc=}
    dependencies:
      gl-vec2: 1.3.0
    dev: false

  /polyline-normals/2.0.2:
    resolution: {integrity: sha1-oXN+ddjA3MsaWR+csn8J7vS30TU=}
    dependencies:
      polyline-miter-util: 1.0.1
    dev: false

  /postcss/8.4.5:
    resolution: {integrity: sha512-jBDboWM8qpaqwkMwItqTQTiFikhs/67OYVvblFFTM7MrZjt6yMKd6r2kgXizEbTTljacm4NldIlZnhbjr84QYg==}
    engines: {node: ^10 || ^12 || >=14}
    dependencies:
      nanoid: 3.1.30
      picocolors: 1.0.0
      source-map-js: 1.0.1
    dev: true

  /probe.gl/3.5.0:
    resolution: {integrity: sha512-KWj8u0PNytr/rVwcQFcN7O8SK7n/ITOsUZ91l4fSX95oHhKvVCI7eadrzFUzFRlXkFfBWpMWZXFHITsHHHUctw==}
    dependencies:
      '@babel/runtime': 7.16.5
      '@probe.gl/env': 3.5.0
      '@probe.gl/log': 3.5.0
      '@probe.gl/stats': 3.5.0
    dev: false

  /reflect-metadata/0.1.13:
    resolution: {integrity: sha512-Ts1Y/anZELhSsjMcU605fU9RE4Oi3p5ORujwbIKXfWa+0Zxs510Qrmrce5/Jowq3cHSZSJqBjypxmHarc+vEWg==}
    dev: false

  /regenerator-runtime/0.13.9:
    resolution: {integrity: sha512-p3VT+cOEgxFsRRA9X4lkI1E+k2/CtnKtU4gcxyaCUreilL/vqI6CdZ3wxVUx3UOUg+gnUOQQcRI7BmSI656MYA==}
    dev: false

  /regl/1.7.0:
    resolution: {integrity: sha512-bEAtp/qrtKucxXSJkD4ebopFZYP0q1+3Vb2WECWv/T8yQEgKxDxJ7ztO285tAMaYZVR6mM1GgI6CCn8FROtL1w==}
    dev: false

  /resolve/1.20.0:
    resolution: {integrity: sha512-wENBPt4ySzg4ybFQW2TT1zMQucPK95HSh/nq2CFTZVOGut2+pQvSsgtda4d26YrYcr067wjbmzOG8byDPBX63A==}
    dependencies:
      is-core-module: 2.8.0
      path-parse: 1.0.7
    dev: true

  /rollup/2.61.1:
    resolution: {integrity: sha512-BbTXlEvB8d+XFbK/7E5doIcRtxWPRiqr0eb5vQ0+2paMM04Ye4PZY5nHOQef2ix24l/L0SpLd5hwcH15QHPdvA==}
    engines: {node: '>=10.0.0'}
    hasBin: true
    optionalDependencies:
      fsevents: 2.3.2
    dev: true

  /semver/7.3.5:
    resolution: {integrity: sha512-PoeGJYh8HK4BTO/a9Tf6ZG3veo/A7ZVsYrSA6J8ny9nb3B1VrpkuN+z9OE5wfE5p6H4LchYZsegiQgbJD94ZFQ==}
    engines: {node: '>=10'}
    hasBin: true
    dependencies:
      lru-cache: 6.0.0
    dev: true

  /simple-swizzle/0.2.2:
    resolution: {integrity: sha1-pNprY1/8zMoz9w0Xy5JZLeleVXo=}
    dependencies:
      is-arrayish: 0.3.2
    dev: false

  /source-map-js/1.0.1:
    resolution: {integrity: sha512-4+TN2b3tqOCd/kaGRJ/sTYA0tR0mdXx26ipdolxcwtJVqEnqNYvlCAt1q3ypy4QMlYus+Zh34RNtYLoq2oQ4IA==}
    engines: {node: '>=0.10.0'}
    dev: true

  /tinycolor2/1.4.2:
    resolution: {integrity: sha512-vJhccZPs965sV/L2sU4oRQVAos0pQXwsvTLkWYdqJ+a8Q5kPFzJTuOFwy7UniPli44NKQGAglksjvOcpo95aZA==}
    dev: false

  /tinypool/0.0.5:
    resolution: {integrity: sha512-5fUjvd0Dcr2a4b3gSAtg58cE0bDX9tc4zsRWEVGxhHUSN1DhITtRK9myC9wFzaZ+a/pP3bJaGIHXBqlrj6XgZg==}
    engines: {node: '>=14.0.0'}
    dev: true

  /tinyspy/0.2.5:
    resolution: {integrity: sha512-RGRejsG0PSjMQyDdOry88HgcAda/g3pnMTsNngwSdnDasGC87rj+vbvVp5FSdh9pQ034AmvluVD5ympOaFr/yA==}
    engines: {node: '>=14.0.0'}
    dev: true

  /tslib/2.3.1:
    resolution: {integrity: sha512-77EbyPPpMz+FRFRuAFlWMtmgUWGe9UOG2Z25NqCwiIjRhOf5iKGuzSe5P2w1laq+FkRy4p+PCuVkJSGkzTEKVw==}
    dev: false

  /type-detect/4.0.8:
    resolution: {integrity: sha512-0fr/mIH1dlO+x7TlcMy+bIDqKPsw/70tVyeHW787goQjhmqaZe10uwLujubK9q9Lg6Fiho1KUKDYz0Z7k7g5/g==}
    engines: {node: '>=4'}
    dev: true

  /vite/2.7.6:
    resolution: {integrity: sha512-PBNoc87rDYLtkpFU9dbVeGdbcyKzz6c34oScqivE3FEa3BhVa4ASupCzcz0eDIiSECovfLcQnLUJt9vhiEU08g==}
    engines: {node: '>=12.2.0'}
    hasBin: true
    peerDependencies:
      less: '*'
      sass: '*'
      stylus: '*'
    peerDependenciesMeta:
      less:
        optional: true
      sass:
        optional: true
      stylus:
        optional: true
    dependencies:
      esbuild: 0.13.15
      postcss: 8.4.5
      resolve: 1.20.0
      rollup: 2.61.1
    optionalDependencies:
      fsevents: 2.3.2
    dev: true

  /vitest/0.0.109_vite@2.7.6:
    resolution: {integrity: sha512-OC0WNQCOEkKljQf6o4FVlPELvubPw1WiprkALqWwE+kwH7f7u8AKwxI2NefP8d0EgfHuOU5TnRhjsE69TeFdaQ==}
    engines: {node: '>=14.14.0'}
    hasBin: true
    peerDependencies:
      c8: '*'
      happy-dom: '*'
      jsdom: '*'
      vite: ^2.7.1
    peerDependenciesMeta:
      c8:
        optional: true
      happy-dom:
        optional: true
      jsdom:
        optional: true
    dependencies:
      '@types/chai': 4.3.0
      '@types/chai-subset': 1.3.3
      chai: 4.3.4
      local-pkg: 0.4.0
      tinypool: 0.0.5
      tinyspy: 0.2.5
      vite: 2.7.6
    dev: true

  /yallist/4.0.0:
    resolution: {integrity: sha512-3wdGidZyq5PB084XLES5TpOSRA3wjXAlIWMhum2kRcv/41Sn2emQ0dycQW4uZXLejwKvg6EsvbdlVL+FYEct7A==}
    dev: true
