lockfileVersion: 5.3

specifiers:
  curved-arrows: ^0.1.0
  fast-deep-equal: ^3.1.3

dependencies:
  curved-arrows: 0.1.0
  fast-deep-equal: 3.1.3

packages:

  /curved-arrows/0.1.0:
    resolution: {integrity: sha512-FchrDNr8b3ijJOycRM3iT0tc7d5NJSJ5e1fPZibTv73N2yXcgIbSi858R+QfCPRbrjqSWXnR8OaUUu9w+TxTRg==}
    engines: {node: '>=10'}
    dev: false

  /fast-deep-equal/3.1.3:
    resolution: {integrity: sha512-f3qQ9oQy9j2AhBe/H9VC91wLmKBCCU/gDOnKNAYG5hswO7BLKj09Hc5HYNz9cGI++xlpDCIgDaitVs03ATR84Q==}
    dev: false
